
Microsoft Visual Studio Solution File, Format Version 12.00
# Visual Studio Version 16
VisualStudioVersion = 16.0.30907.101
MinimumVisualStudioVersion = 10.0.40219.1
Project("{2150E333-8FDC-42A3-9474-1A3956D46DE8}") = "Application", "Application", "{D87F0596-5C9A-4C51-AF92-ABB3707B20FB}"
EndProject
Project("{2150E333-8FDC-42A3-9474-1A3956D46DE8}") = "Common", "Common", "{95CB1211-1508-4CDC-B791-B038E78BF5A6}"
EndProject
Project("{9A19103F-16F7-4668-BE54-9A1E7A4F7556}") = "LCG.Template.Common.Data", "Common\LCG.Template.Common.Data\LCG.Template.Common.Data.csproj", "{DA54628F-1725-442E-B07C-AA1B7B092C99}"
EndProject
Project("{9A19103F-16F7-4668-BE54-9A1E7A4F7556}") = "LCG.Template.Common.Entities", "Common\LCG.Template.Common.Entities\LCG.Template.Common.Entities.csproj", "{2F1AFF28-54A5-4EE3-9A76-698362CA6F2B}"
EndProject
Project("{9A19103F-16F7-4668-BE54-9A1E7A4F7556}") = "LCG.Template.Common.Models", "Common\LCG.Template.Common.Models\LCG.Template.Common.Models.csproj", "{BF6C95CB-0442-4D29-8596-4F34F5B76C8F}"
EndProject
Project("{2150E333-8FDC-42A3-9474-1A3956D46DE8}") = "Data", "Data", "{C09DF13F-BF55-4FAC-9186-E13F49725D58}"
EndProject
Project("{9A19103F-16F7-4668-BE54-9A1E7A4F7556}") = "LCG.Template.Data.Identity", "Data\LCG.Template.Data.Identity\LCG.Template.Data.Identity.csproj", "{72E9204C-86EB-4BE0-A0C9-3A510207A82E}"
EndProject
Project("{9A19103F-16F7-4668-BE54-9A1E7A4F7556}") = "LCG.Template.Data.Application", "Data\LCG.Template.Data.Application\LCG.Template.Data.Application.csproj", "{D43BA35B-D85F-48F7-818D-86289C095239}"
EndProject
Project("{9A19103F-16F7-4668-BE54-9A1E7A4F7556}") = "LCG.Template.Data.Logging", "Data\LCG.Template.Data.Logging\LCG.Template.Data.Logging.csproj", "{04216BF4-5AFE-4E2E-9D2E-DA65E4B3B833}"
EndProject
Project("{2150E333-8FDC-42A3-9474-1A3956D46DE8}") = "Services", "Services", "{A071F582-AAA3-4683-A4EE-5B657D069734}"
EndProject
Project("{9A19103F-16F7-4668-BE54-9A1E7A4F7556}") = "LCG.Template.ServiceContracts", "Services\LCG.Template.ServiceContracts\LCG.Template.ServiceContracts.csproj", "{1537F877-FCF2-40E2-AE18-44DD8BA5660B}"
EndProject
Project("{9A19103F-16F7-4668-BE54-9A1E7A4F7556}") = "LCG.Template.Services", "Services\LCG.Template.Services\LCG.Template.Services.csproj", "{1B79BE72-69F0-49FE-87C7-E3C21F24CA56}"
EndProject
Project("{2150E333-8FDC-42A3-9474-1A3956D46DE8}") = "Resources", "Resources", "{A5984ABE-75D8-4414-8E99-C6B2C7C9E324}"
EndProject
Project("{9A19103F-16F7-4668-BE54-9A1E7A4F7556}") = "LCG.Template.Resources", "Resources\LCG.Template.Resources\LCG.Template.Resources.csproj", "{3BD04964-4480-481B-898C-E70D47D9FD43}"
EndProject
Project("{9A19103F-16F7-4668-BE54-9A1E7A4F7556}") = "LCG.Template.Common.Enums", "Common\LCG.Template.Common.Enums\LCG.Template.Common.Enums.csproj", "{DB77B306-4B05-44C3-8B67-A8DB631B1E36}"
EndProject
Project("{9A19103F-16F7-4668-BE54-9A1E7A4F7556}") = "LCG.Template.Common.Exceptions", "Common\LCG.Template.Common.Exceptions\LCG.Template.Common.Exceptions.csproj", "{2AB23A25-A2A1-4132-95D2-02C384AC9734}"
EndProject
Project("{9A19103F-16F7-4668-BE54-9A1E7A4F7556}") = "LCG.Template.Common.Extensions", "Common\LCG.Template.Common.Extensions\LCG.Template.Common.Extensions.csproj", "{0C99BCCF-646E-48A3-802D-AE45DCF8A307}"
EndProject
Project("{9A19103F-16F7-4668-BE54-9A1E7A4F7556}") = "LCG.Template.Common.Tools", "Common\LCG.Template.Common.Tools\LCG.Template.Common.Tools.csproj", "{E3B4471E-B7E2-4F2E-A97E-6FD588B076EF}"
EndProject
Project("{9A19103F-16F7-4668-BE54-9A1E7A4F7556}") = "LCG.Template.Base.Seeder", "Application\LCG.Template.Base.Seeder\LCG.Template.Base.Seeder.csproj", "{0BA1D3F3-C6A6-46B9-AF1A-D5F46A53A760}"
EndProject
Project("{2150E333-8FDC-42A3-9474-1A3956D46DE8}") = "Client", "Client", "{12A485CC-FECE-45DC-A297-742D73DF7663}"
EndProject
Project("{9A19103F-16F7-4668-BE54-9A1E7A4F7556}") = "LCG.Template.Client", "Client\LCG.Template.Client\LCG.Template.Client.csproj", "{ED2EE1E7-588A-4EFC-A102-7E57AE9DEAD0}"
EndProject
Project("{2150E333-8FDC-42A3-9474-1A3956D46DE8}") = "Server", "Server", "{7B24AAE7-9F7A-4112-BC1F-5B294FE9DA40}"
EndProject
Project("{9A19103F-16F7-4668-BE54-9A1E7A4F7556}") = "LCG.Template.Server", "Server\LCG.Template.Server\LCG.Template.Server.csproj", "{C4EEAB9D-49ED-4A0C-A5F6-3082224ED90B}"
EndProject
Global
	GlobalSection(SolutionConfigurationPlatforms) = preSolution
		Debug|Any CPU = Debug|Any CPU
		Release|Any CPU = Release|Any CPU
	EndGlobalSection
	GlobalSection(ProjectConfigurationPlatforms) = postSolution
		{DA54628F-1725-442E-B07C-AA1B7B092C99}.Debug|Any CPU.ActiveCfg = Debug|Any CPU
		{DA54628F-1725-442E-B07C-AA1B7B092C99}.Debug|Any CPU.Build.0 = Debug|Any CPU
		{DA54628F-1725-442E-B07C-AA1B7B092C99}.Release|Any CPU.ActiveCfg = Release|Any CPU
		{DA54628F-1725-442E-B07C-AA1B7B092C99}.Release|Any CPU.Build.0 = Release|Any CPU
		{2F1AFF28-54A5-4EE3-9A76-698362CA6F2B}.Debug|Any CPU.ActiveCfg = Debug|Any CPU
		{2F1AFF28-54A5-4EE3-9A76-698362CA6F2B}.Debug|Any CPU.Build.0 = Debug|Any CPU
		{2F1AFF28-54A5-4EE3-9A76-698362CA6F2B}.Release|Any CPU.ActiveCfg = Release|Any CPU
		{2F1AFF28-54A5-4EE3-9A76-698362CA6F2B}.Release|Any CPU.Build.0 = Release|Any CPU
		{BF6C95CB-0442-4D29-8596-4F34F5B76C8F}.Debug|Any CPU.ActiveCfg = Debug|Any CPU
		{BF6C95CB-0442-4D29-8596-4F34F5B76C8F}.Debug|Any CPU.Build.0 = Debug|Any CPU
		{BF6C95CB-0442-4D29-8596-4F34F5B76C8F}.Release|Any CPU.ActiveCfg = Release|Any CPU
		{BF6C95CB-0442-4D29-8596-4F34F5B76C8F}.Release|Any CPU.Build.0 = Release|Any CPU
		{72E9204C-86EB-4BE0-A0C9-3A510207A82E}.Debug|Any CPU.ActiveCfg = Debug|Any CPU
		{72E9204C-86EB-4BE0-A0C9-3A510207A82E}.Debug|Any CPU.Build.0 = Debug|Any CPU
		{72E9204C-86EB-4BE0-A0C9-3A510207A82E}.Release|Any CPU.ActiveCfg = Release|Any CPU
		{72E9204C-86EB-4BE0-A0C9-3A510207A82E}.Release|Any CPU.Build.0 = Release|Any CPU
		{D43BA35B-D85F-48F7-818D-86289C095239}.Debug|Any CPU.ActiveCfg = Debug|Any CPU
		{D43BA35B-D85F-48F7-818D-86289C095239}.Debug|Any CPU.Build.0 = Debug|Any CPU
		{D43BA35B-D85F-48F7-818D-86289C095239}.Release|Any CPU.ActiveCfg = Release|Any CPU
		{D43BA35B-D85F-48F7-818D-86289C095239}.Release|Any CPU.Build.0 = Release|Any CPU
		{04216BF4-5AFE-4E2E-9D2E-DA65E4B3B833}.Debug|Any CPU.ActiveCfg = Debug|Any CPU
		{04216BF4-5AFE-4E2E-9D2E-DA65E4B3B833}.Debug|Any CPU.Build.0 = Debug|Any CPU
		{04216BF4-5AFE-4E2E-9D2E-DA65E4B3B833}.Release|Any CPU.ActiveCfg = Release|Any CPU
		{04216BF4-5AFE-4E2E-9D2E-DA65E4B3B833}.Release|Any CPU.Build.0 = Release|Any CPU
		{1537F877-FCF2-40E2-AE18-44DD8BA5660B}.Debug|Any CPU.ActiveCfg = Debug|Any CPU
		{1537F877-FCF2-40E2-AE18-44DD8BA5660B}.Debug|Any CPU.Build.0 = Debug|Any CPU
		{1537F877-FCF2-40E2-AE18-44DD8BA5660B}.Release|Any CPU.ActiveCfg = Release|Any CPU
		{1537F877-FCF2-40E2-AE18-44DD8BA5660B}.Release|Any CPU.Build.0 = Release|Any CPU
		{1B79BE72-69F0-49FE-87C7-E3C21F24CA56}.Debug|Any CPU.ActiveCfg = Debug|Any CPU
		{1B79BE72-69F0-49FE-87C7-E3C21F24CA56}.Debug|Any CPU.Build.0 = Debug|Any CPU
		{1B79BE72-69F0-49FE-87C7-E3C21F24CA56}.Release|Any CPU.ActiveCfg = Release|Any CPU
		{1B79BE72-69F0-49FE-87C7-E3C21F24CA56}.Release|Any CPU.Build.0 = Release|Any CPU
		{3BD04964-4480-481B-898C-E70D47D9FD43}.Debug|Any CPU.ActiveCfg = Debug|Any CPU
		{3BD04964-4480-481B-898C-E70D47D9FD43}.Debug|Any CPU.Build.0 = Debug|Any CPU
		{3BD04964-4480-481B-898C-E70D47D9FD43}.Release|Any CPU.ActiveCfg = Release|Any CPU
		{3BD04964-4480-481B-898C-E70D47D9FD43}.Release|Any CPU.Build.0 = Release|Any CPU
		{DB77B306-4B05-44C3-8B67-A8DB631B1E36}.Debug|Any CPU.ActiveCfg = Debug|Any CPU
		{DB77B306-4B05-44C3-8B67-A8DB631B1E36}.Debug|Any CPU.Build.0 = Debug|Any CPU
		{DB77B306-4B05-44C3-8B67-A8DB631B1E36}.Release|Any CPU.ActiveCfg = Release|Any CPU
		{DB77B306-4B05-44C3-8B67-A8DB631B1E36}.Release|Any CPU.Build.0 = Release|Any CPU
		{2AB23A25-A2A1-4132-95D2-02C384AC9734}.Debug|Any CPU.ActiveCfg = Debug|Any CPU
		{2AB23A25-A2A1-4132-95D2-02C384AC9734}.Debug|Any CPU.Build.0 = Debug|Any CPU
		{2AB23A25-A2A1-4132-95D2-02C384AC9734}.Release|Any CPU.ActiveCfg = Release|Any CPU
		{2AB23A25-A2A1-4132-95D2-02C384AC9734}.Release|Any CPU.Build.0 = Release|Any CPU
		{0C99BCCF-646E-48A3-802D-AE45DCF8A307}.Debug|Any CPU.ActiveCfg = Debug|Any CPU
		{0C99BCCF-646E-48A3-802D-AE45DCF8A307}.Debug|Any CPU.Build.0 = Debug|Any CPU
		{0C99BCCF-646E-48A3-802D-AE45DCF8A307}.Release|Any CPU.ActiveCfg = Release|Any CPU
		{0C99BCCF-646E-48A3-802D-AE45DCF8A307}.Release|Any CPU.Build.0 = Release|Any CPU
		{E3B4471E-B7E2-4F2E-A97E-6FD588B076EF}.Debug|Any CPU.ActiveCfg = Debug|Any CPU
		{E3B4471E-B7E2-4F2E-A97E-6FD588B076EF}.Debug|Any CPU.Build.0 = Debug|Any CPU
		{E3B4471E-B7E2-4F2E-A97E-6FD588B076EF}.Release|Any CPU.ActiveCfg = Release|Any CPU
		{E3B4471E-B7E2-4F2E-A97E-6FD588B076EF}.Release|Any CPU.Build.0 = Release|Any CPU
		{0BA1D3F3-C6A6-46B9-AF1A-D5F46A53A760}.Debug|Any CPU.ActiveCfg = Debug|Any CPU
		{0BA1D3F3-C6A6-46B9-AF1A-D5F46A53A760}.Debug|Any CPU.Build.0 = Debug|Any CPU
		{0BA1D3F3-C6A6-46B9-AF1A-D5F46A53A760}.Release|Any CPU.ActiveCfg = Release|Any CPU
		{0BA1D3F3-C6A6-46B9-AF1A-D5F46A53A760}.Release|Any CPU.Build.0 = Release|Any CPU
		{ED2EE1E7-588A-4EFC-A102-7E57AE9DEAD0}.Debug|Any CPU.ActiveCfg = Debug|Any CPU
		{ED2EE1E7-588A-4EFC-A102-7E57AE9DEAD0}.Debug|Any CPU.Build.0 = Debug|Any CPU
		{ED2EE1E7-588A-4EFC-A102-7E57AE9DEAD0}.Release|Any CPU.ActiveCfg = Release|Any CPU
		{ED2EE1E7-588A-4EFC-A102-7E57AE9DEAD0}.Release|Any CPU.Build.0 = Release|Any CPU
		{C4EEAB9D-49ED-4A0C-A5F6-3082224ED90B}.Debug|Any CPU.ActiveCfg = Debug|Any CPU
		{C4EEAB9D-49ED-4A0C-A5F6-3082224ED90B}.Debug|Any CPU.Build.0 = Debug|Any CPU
		{C4EEAB9D-49ED-4A0C-A5F6-3082224ED90B}.Release|Any CPU.ActiveCfg = Release|Any CPU
		{C4EEAB9D-49ED-4A0C-A5F6-3082224ED90B}.Release|Any CPU.Build.0 = Release|Any CPU
	EndGlobalSection
	GlobalSection(SolutionProperties) = preSolution
		HideSolutionNode = FALSE
	EndGlobalSection
	GlobalSection(NestedProjects) = preSolution
		{DA54628F-1725-442E-B07C-AA1B7B092C99} = {95CB1211-1508-4CDC-B791-B038E78BF5A6}
		{2F1AFF28-54A5-4EE3-9A76-698362CA6F2B} = {95CB1211-1508-4CDC-B791-B038E78BF5A6}
		{BF6C95CB-0442-4D29-8596-4F34F5B76C8F} = {95CB1211-1508-4CDC-B791-B038E78BF5A6}
		{72E9204C-86EB-4BE0-A0C9-3A510207A82E} = {C09DF13F-BF55-4FAC-9186-E13F49725D58}
		{D43BA35B-D85F-48F7-818D-86289C095239} = {C09DF13F-BF55-4FAC-9186-E13F49725D58}
		{04216BF4-5AFE-4E2E-9D2E-DA65E4B3B833} = {C09DF13F-BF55-4FAC-9186-E13F49725D58}
		{1537F877-FCF2-40E2-AE18-44DD8BA5660B} = {A071F582-AAA3-4683-A4EE-5B657D069734}
		{1B79BE72-69F0-49FE-87C7-E3C21F24CA56} = {A071F582-AAA3-4683-A4EE-5B657D069734}
		{3BD04964-4480-481B-898C-E70D47D9FD43} = {A5984ABE-75D8-4414-8E99-C6B2C7C9E324}
		{DB77B306-4B05-44C3-8B67-A8DB631B1E36} = {95CB1211-1508-4CDC-B791-B038E78BF5A6}
		{2AB23A25-A2A1-4132-95D2-02C384AC9734} = {95CB1211-1508-4CDC-B791-B038E78BF5A6}
		{0C99BCCF-646E-48A3-802D-AE45DCF8A307} = {95CB1211-1508-4CDC-B791-B038E78BF5A6}
		{E3B4471E-B7E2-4F2E-A97E-6FD588B076EF} = {95CB1211-1508-4CDC-B791-B038E78BF5A6}
		{0BA1D3F3-C6A6-46B9-AF1A-D5F46A53A760} = {D87F0596-5C9A-4C51-AF92-ABB3707B20FB}
		{ED2EE1E7-588A-4EFC-A102-7E57AE9DEAD0} = {12A485CC-FECE-45DC-A297-742D73DF7663}
		{C4EEAB9D-49ED-4A0C-A5F6-3082224ED90B} = {7B24AAE7-9F7A-4112-BC1F-5B294FE9DA40}
	EndGlobalSection
	GlobalSection(ExtensibilityGlobals) = postSolution
		SolutionGuid = {E353FAAF-D8FF-4488-86D7-D0687D201A56}
	EndGlobalSection
EndGlobal
